
Microsoft Visual Studio Solution File, Format Version 12.00
# Visual Studio Version 17
VisualStudioVersion = 17.4.33213.308
MinimumVisualStudioVersion = 10.0.40219.1
Project("{9A19103F-16F7-4668-BE54-9A1E7A4F7556}") = "ECommerceAPI", "ECommerceAPI\ECommerceAPI.csproj", "{74200188-B081-4B53-BECC-131BB5CD5EF2}"
EndProject
Project("{FAE04EC0-301F-11D3-BF4B-00C04F79EFBC}") = "ECommerceAPI.UnitTests", "ECommerceAPI.UnitTests\ECommerceAPI.UnitTests.csproj", "{93FB1068-6B1E-46C6-A9B2-ABFC1E5EE7E4}"
EndProject
Global
	GlobalSection(SolutionConfigurationPlatforms) = preSolution
		Debug|Any CPU = Debug|Any CPU
		Release|Any CPU = Release|Any CPU
	EndGlobalSection
	GlobalSection(ProjectConfigurationPlatforms) = postSolution
		{74200188-B081-4B53-BECC-131BB5CD5EF2}.Debug|Any CPU.ActiveCfg = Debug|Any CPU
		{74200188-B081-4B53-BECC-131BB5CD5EF2}.Debug|Any CPU.Build.0 = Debug|Any CPU
		{74200188-B081-4B53-BECC-131BB5CD5EF2}.Release|Any CPU.ActiveCfg = Release|Any CPU
		{74200188-B081-4B53-BECC-131BB5CD5EF2}.Release|Any CPU.Build.0 = Release|Any CPU
		{93FB1068-6B1E-46C6-A9B2-ABFC1E5EE7E4}.Debug|Any CPU.ActiveCfg = Debug|Any CPU
		{93FB1068-6B1E-46C6-A9B2-ABFC1E5EE7E4}.Debug|Any CPU.Build.0 = Debug|Any CPU
		{93FB1068-6B1E-46C6-A9B2-ABFC1E5EE7E4}.Release|Any CPU.ActiveCfg = Release|Any CPU
		{93FB1068-6B1E-46C6-A9B2-ABFC1E5EE7E4}.Release|Any CPU.Build.0 = Release|Any CPU
	EndGlobalSection
	GlobalSection(SolutionProperties) = preSolution
		HideSolutionNode = FALSE
	EndGlobalSection
	GlobalSection(ExtensibilityGlobals) = postSolution
		SolutionGuid = {E5D9B904-5A39-488B-8968-964F274FDBD2}
	EndGlobalSection
EndGlobal
